
Microsoft Visual Studio Solution File, Format Version 11.00
# Visual Studio 2010
Project("{FAE04EC0-301F-11D3-BF4B-00C04F79EFBC}") = "MyStore.Web", "app\MyStore.Web\MyStore.Web.csproj", "{3B107D47-9BB3-4D6A-80E2-E430D6C06F45}"
EndProject
Project("{FAE04EC0-301F-11D3-BF4B-00C04F79EFBC}") = "MyStore.Domain", "app\MyStore.Domain\MyStore.Domain.csproj", "{74801410-F690-490C-91EA-CD94E520A465}"
EndProject
Project("{FAE04EC0-301F-11D3-BF4B-00C04F79EFBC}") = "MyStore.NHibernateProvider", "app\MyStore.NHibernateProvider\MyStore.NHibernateProvider.csproj", "{4E471CAC-A108-49AE-A4D6-155DC35712C9}"
EndProject
Project("{FAE04EC0-301F-11D3-BF4B-00C04F79EFBC}") = "MyStore.Tasks", "app\MyStore.Tasks\MyStore.Tasks.csproj", "{BE147A77-3E59-40E6-822D-5AEDFD5D383C}"
EndProject
Project("{FAE04EC0-301F-11D3-BF4B-00C04F79EFBC}") = "MyStore.Tests", "app\MyStore.Tests\MyStore.Tests.csproj", "{CEF24DDD-1D15-42BC-B035-4A33388C3F8C}"
EndProject
Project("{FAE04EC0-301F-11D3-BF4B-00C04F79EFBC}") = "MyStore.Init", "app\MyStore.Init\MyStore.Init.csproj", "{7112AC6B-C406-481D-99D4-56BA796B7173}"
EndProject
Project("{2150E333-8FDC-42A3-9474-1A3956D46DE8}") = "Infrastructure", "Infrastructure", "{EAA774FA-8EA7-4CE4-A406-16D7CE0BC4C1}"
EndProject
Global
	GlobalSection(SolutionConfigurationPlatforms) = preSolution
		Debug|Any CPU = Debug|Any CPU
		Release|Any CPU = Release|Any CPU
	EndGlobalSection
	GlobalSection(ProjectConfigurationPlatforms) = postSolution
		{3B107D47-9BB3-4D6A-80E2-E430D6C06F45}.Debug|Any CPU.ActiveCfg = Debug|Any CPU
		{3B107D47-9BB3-4D6A-80E2-E430D6C06F45}.Debug|Any CPU.Build.0 = Debug|Any CPU
		{3B107D47-9BB3-4D6A-80E2-E430D6C06F45}.Release|Any CPU.ActiveCfg = Release|Any CPU
		{3B107D47-9BB3-4D6A-80E2-E430D6C06F45}.Release|Any CPU.Build.0 = Release|Any CPU
		{74801410-F690-490C-91EA-CD94E520A465}.Debug|Any CPU.ActiveCfg = Debug|Any CPU
		{74801410-F690-490C-91EA-CD94E520A465}.Debug|Any CPU.Build.0 = Debug|Any CPU
		{74801410-F690-490C-91EA-CD94E520A465}.Release|Any CPU.ActiveCfg = Release|Any CPU
		{74801410-F690-490C-91EA-CD94E520A465}.Release|Any CPU.Build.0 = Release|Any CPU
		{4E471CAC-A108-49AE-A4D6-155DC35712C9}.Debug|Any CPU.ActiveCfg = Debug|Any CPU
		{4E471CAC-A108-49AE-A4D6-155DC35712C9}.Debug|Any CPU.Build.0 = Debug|Any CPU
		{4E471CAC-A108-49AE-A4D6-155DC35712C9}.Release|Any CPU.ActiveCfg = Release|Any CPU
		{4E471CAC-A108-49AE-A4D6-155DC35712C9}.Release|Any CPU.Build.0 = Release|Any CPU
		{BE147A77-3E59-40E6-822D-5AEDFD5D383C}.Debug|Any CPU.ActiveCfg = Debug|Any CPU
		{BE147A77-3E59-40E6-822D-5AEDFD5D383C}.Debug|Any CPU.Build.0 = Debug|Any CPU
		{BE147A77-3E59-40E6-822D-5AEDFD5D383C}.Release|Any CPU.ActiveCfg = Release|Any CPU
		{BE147A77-3E59-40E6-822D-5AEDFD5D383C}.Release|Any CPU.Build.0 = Release|Any CPU
		{CEF24DDD-1D15-42BC-B035-4A33388C3F8C}.Debug|Any CPU.ActiveCfg = Debug|Any CPU
		{CEF24DDD-1D15-42BC-B035-4A33388C3F8C}.Debug|Any CPU.Build.0 = Debug|Any CPU
		{CEF24DDD-1D15-42BC-B035-4A33388C3F8C}.Release|Any CPU.ActiveCfg = Release|Any CPU
		{CEF24DDD-1D15-42BC-B035-4A33388C3F8C}.Release|Any CPU.Build.0 = Release|Any CPU
		{7112AC6B-C406-481D-99D4-56BA796B7173}.Debug|Any CPU.ActiveCfg = Debug|Any CPU
		{7112AC6B-C406-481D-99D4-56BA796B7173}.Debug|Any CPU.Build.0 = Debug|Any CPU
		{7112AC6B-C406-481D-99D4-56BA796B7173}.Release|Any CPU.ActiveCfg = Release|Any CPU
		{7112AC6B-C406-481D-99D4-56BA796B7173}.Release|Any CPU.Build.0 = Release|Any CPU
	EndGlobalSection
	GlobalSection(SolutionProperties) = preSolution
		HideSolutionNode = FALSE
	EndGlobalSection
	GlobalSection(NestedProjects) = preSolution
		{7112AC6B-C406-481D-99D4-56BA796B7173} = {EAA774FA-8EA7-4CE4-A406-16D7CE0BC4C1}
		{4E471CAC-A108-49AE-A4D6-155DC35712C9} = {EAA774FA-8EA7-4CE4-A406-16D7CE0BC4C1}
	EndGlobalSection
EndGlobal
